
Microsoft Visual Studio Solution File, Format Version 12.00
# Visual Studio 14
VisualStudioVersion = 14.0.24720.0
MinimumVisualStudioVersion = 10.0.40219.1
Project("{FAE04EC0-301F-11D3-BF4B-00C04F79EFBC}") = "BindingWithForms", "BindingWithForms\BindingWithForms\BindingWithForms.csproj", "{61E2A431-08B0-4F52-89E9-813F7A9211C2}"
EndProject
Project("{FAE04EC0-301F-11D3-BF4B-00C04F79EFBC}") = "BindingWithForms.iOS", "BindingWithForms\BindingWithForms.iOS\BindingWithForms.iOS.csproj", "{F21099F8-41A5-4933-BB8F-22359E0A03F5}"
EndProject
Project("{FAE04EC0-301F-11D3-BF4B-00C04F79EFBC}") = "BindingWithForms.Droid", "BindingWithForms\BindingWithForms.Droid\BindingWithForms.Droid.csproj", "{460BBE7C-8835-4A02-B0EB-0D7914BBAEE5}"
EndProject
Project("{FAE04EC0-301F-11D3-BF4B-00C04F79EFBC}") = "BindingWithForms.WinPhone", "BindingWithForms\BindingWithForms.WinPhone\BindingWithForms.WinPhone.csproj", "{31F779BE-5EFD-429B-BC93-50CACBCA6565}"
EndProject
Global
	GlobalSection(SolutionConfigurationPlatforms) = preSolution
		Ad-Hoc|Any CPU = Ad-Hoc|Any CPU
		Ad-Hoc|ARM = Ad-Hoc|ARM
		Ad-Hoc|iPhone = Ad-Hoc|iPhone
		Ad-Hoc|iPhoneSimulator = Ad-Hoc|iPhoneSimulator
		Ad-Hoc|x86 = Ad-Hoc|x86
		AppStore|Any CPU = AppStore|Any CPU
		AppStore|ARM = AppStore|ARM
		AppStore|iPhone = AppStore|iPhone
		AppStore|iPhoneSimulator = AppStore|iPhoneSimulator
		AppStore|x86 = AppStore|x86
		Debug|Any CPU = Debug|Any CPU
		Debug|ARM = Debug|ARM
		Debug|iPhone = Debug|iPhone
		Debug|iPhoneSimulator = Debug|iPhoneSimulator
		Debug|x86 = Debug|x86
		Release|Any CPU = Release|Any CPU
		Release|ARM = Release|ARM
		Release|iPhone = Release|iPhone
		Release|iPhoneSimulator = Release|iPhoneSimulator
		Release|x86 = Release|x86
	EndGlobalSection
	GlobalSection(ProjectConfigurationPlatforms) = postSolution
		{61E2A431-08B0-4F52-89E9-813F7A9211C2}.Ad-Hoc|Any CPU.ActiveCfg = Release|Any CPU
		{61E2A431-08B0-4F52-89E9-813F7A9211C2}.Ad-Hoc|Any CPU.Build.0 = Release|Any CPU
		{61E2A431-08B0-4F52-89E9-813F7A9211C2}.Ad-Hoc|ARM.ActiveCfg = Release|Any CPU
		{61E2A431-08B0-4F52-89E9-813F7A9211C2}.Ad-Hoc|ARM.Build.0 = Release|Any CPU
		{61E2A431-08B0-4F52-89E9-813F7A9211C2}.Ad-Hoc|iPhone.ActiveCfg = Release|Any CPU
		{61E2A431-08B0-4F52-89E9-813F7A9211C2}.Ad-Hoc|iPhone.Build.0 = Release|Any CPU
		{61E2A431-08B0-4F52-89E9-813F7A9211C2}.Ad-Hoc|iPhoneSimulator.ActiveCfg = Release|Any CPU
		{61E2A431-08B0-4F52-89E9-813F7A9211C2}.Ad-Hoc|iPhoneSimulator.Build.0 = Release|Any CPU
		{61E2A431-08B0-4F52-89E9-813F7A9211C2}.Ad-Hoc|x86.ActiveCfg = Release|Any CPU
		{61E2A431-08B0-4F52-89E9-813F7A9211C2}.Ad-Hoc|x86.Build.0 = Release|Any CPU
		{61E2A431-08B0-4F52-89E9-813F7A9211C2}.AppStore|Any CPU.ActiveCfg = Release|Any CPU
		{61E2A431-08B0-4F52-89E9-813F7A9211C2}.AppStore|Any CPU.Build.0 = Release|Any CPU
		{61E2A431-08B0-4F52-89E9-813F7A9211C2}.AppStore|ARM.ActiveCfg = Release|Any CPU
		{61E2A431-08B0-4F52-89E9-813F7A9211C2}.AppStore|ARM.Build.0 = Release|Any CPU
		{61E2A431-08B0-4F52-89E9-813F7A9211C2}.AppStore|iPhone.ActiveCfg = Release|Any CPU
		{61E2A431-08B0-4F52-89E9-813F7A9211C2}.AppStore|iPhone.Build.0 = Release|Any CPU
		{61E2A431-08B0-4F52-89E9-813F7A9211C2}.AppStore|iPhoneSimulator.ActiveCfg = Release|Any CPU
		{61E2A431-08B0-4F52-89E9-813F7A9211C2}.AppStore|iPhoneSimulator.Build.0 = Release|Any CPU
		{61E2A431-08B0-4F52-89E9-813F7A9211C2}.AppStore|x86.ActiveCfg = Release|Any CPU
		{61E2A431-08B0-4F52-89E9-813F7A9211C2}.AppStore|x86.Build.0 = Release|Any CPU
		{61E2A431-08B0-4F52-89E9-813F7A9211C2}.Debug|Any CPU.ActiveCfg = Debug|Any CPU
		{61E2A431-08B0-4F52-89E9-813F7A9211C2}.Debug|Any CPU.Build.0 = Debug|Any CPU
		{61E2A431-08B0-4F52-89E9-813F7A9211C2}.Debug|ARM.ActiveCfg = Debug|Any CPU
		{61E2A431-08B0-4F52-89E9-813F7A9211C2}.Debug|ARM.Build.0 = Debug|Any CPU
		{61E2A431-08B0-4F52-89E9-813F7A9211C2}.Debug|iPhone.ActiveCfg = Debug|Any CPU
		{61E2A431-08B0-4F52-89E9-813F7A9211C2}.Debug|iPhone.Build.0 = Debug|Any CPU
		{61E2A431-08B0-4F52-89E9-813F7A9211C2}.Debug|iPhoneSimulator.ActiveCfg = Debug|Any CPU
		{61E2A431-08B0-4F52-89E9-813F7A9211C2}.Debug|iPhoneSimulator.Build.0 = Debug|Any CPU
		{61E2A431-08B0-4F52-89E9-813F7A9211C2}.Debug|x86.ActiveCfg = Debug|Any CPU
		{61E2A431-08B0-4F52-89E9-813F7A9211C2}.Debug|x86.Build.0 = Debug|Any CPU
		{61E2A431-08B0-4F52-89E9-813F7A9211C2}.Release|Any CPU.ActiveCfg = Release|Any CPU
		{61E2A431-08B0-4F52-89E9-813F7A9211C2}.Release|Any CPU.Build.0 = Release|Any CPU
		{61E2A431-08B0-4F52-89E9-813F7A9211C2}.Release|ARM.ActiveCfg = Release|Any CPU
		{61E2A431-08B0-4F52-89E9-813F7A9211C2}.Release|ARM.Build.0 = Release|Any CPU
		{61E2A431-08B0-4F52-89E9-813F7A9211C2}.Release|iPhone.ActiveCfg = Release|Any CPU
		{61E2A431-08B0-4F52-89E9-813F7A9211C2}.Release|iPhone.Build.0 = Release|Any CPU
		{61E2A431-08B0-4F52-89E9-813F7A9211C2}.Release|iPhoneSimulator.ActiveCfg = Release|Any CPU
		{61E2A431-08B0-4F52-89E9-813F7A9211C2}.Release|iPhoneSimulator.Build.0 = Release|Any CPU
		{61E2A431-08B0-4F52-89E9-813F7A9211C2}.Release|x86.ActiveCfg = Release|Any CPU
		{61E2A431-08B0-4F52-89E9-813F7A9211C2}.Release|x86.Build.0 = Release|Any CPU
		{F21099F8-41A5-4933-BB8F-22359E0A03F5}.Ad-Hoc|Any CPU.ActiveCfg = Ad-Hoc|iPhone
		{F21099F8-41A5-4933-BB8F-22359E0A03F5}.Ad-Hoc|ARM.ActiveCfg = Ad-Hoc|iPhone
		{F21099F8-41A5-4933-BB8F-22359E0A03F5}.Ad-Hoc|iPhone.ActiveCfg = Ad-Hoc|iPhone
		{F21099F8-41A5-4933-BB8F-22359E0A03F5}.Ad-Hoc|iPhone.Build.0 = Ad-Hoc|iPhone
		{F21099F8-41A5-4933-BB8F-22359E0A03F5}.Ad-Hoc|iPhoneSimulator.ActiveCfg = Ad-Hoc|iPhoneSimulator
		{F21099F8-41A5-4933-BB8F-22359E0A03F5}.Ad-Hoc|iPhoneSimulator.Build.0 = Ad-Hoc|iPhoneSimulator
		{F21099F8-41A5-4933-BB8F-22359E0A03F5}.Ad-Hoc|x86.ActiveCfg = Ad-Hoc|iPhone
		{F21099F8-41A5-4933-BB8F-22359E0A03F5}.AppStore|Any CPU.ActiveCfg = AppStore|iPhone
		{F21099F8-41A5-4933-BB8F-22359E0A03F5}.AppStore|ARM.ActiveCfg = AppStore|iPhone
		{F21099F8-41A5-4933-BB8F-22359E0A03F5}.AppStore|iPhone.ActiveCfg = AppStore|iPhone
		{F21099F8-41A5-4933-BB8F-22359E0A03F5}.AppStore|iPhone.Build.0 = AppStore|iPhone
		{F21099F8-41A5-4933-BB8F-22359E0A03F5}.AppStore|iPhoneSimulator.ActiveCfg = AppStore|iPhoneSimulator
		{F21099F8-41A5-4933-BB8F-22359E0A03F5}.AppStore|iPhoneSimulator.Build.0 = AppStore|iPhoneSimulator
		{F21099F8-41A5-4933-BB8F-22359E0A03F5}.AppStore|x86.ActiveCfg = AppStore|iPhone
		{F21099F8-41A5-4933-BB8F-22359E0A03F5}.Debug|Any CPU.ActiveCfg = Debug|iPhone
		{F21099F8-41A5-4933-BB8F-22359E0A03F5}.Debug|ARM.ActiveCfg = Debug|iPhone
		{F21099F8-41A5-4933-BB8F-22359E0A03F5}.Debug|iPhone.ActiveCfg = Debug|iPhone
		{F21099F8-41A5-4933-BB8F-22359E0A03F5}.Debug|iPhone.Build.0 = Debug|iPhone
		{F21099F8-41A5-4933-BB8F-22359E0A03F5}.Debug|iPhoneSimulator.ActiveCfg = Debug|iPhoneSimulator
		{F21099F8-41A5-4933-BB8F-22359E0A03F5}.Debug|iPhoneSimulator.Build.0 = Debug|iPhoneSimulator
		{F21099F8-41A5-4933-BB8F-22359E0A03F5}.Debug|x86.ActiveCfg = Debug|iPhone
		{F21099F8-41A5-4933-BB8F-22359E0A03F5}.Release|Any CPU.ActiveCfg = Release|iPhone
		{F21099F8-41A5-4933-BB8F-22359E0A03F5}.Release|ARM.ActiveCfg = Release|iPhone
		{F21099F8-41A5-4933-BB8F-22359E0A03F5}.Release|iPhone.ActiveCfg = Release|iPhone
		{F21099F8-41A5-4933-BB8F-22359E0A03F5}.Release|iPhone.Build.0 = Release|iPhone
		{F21099F8-41A5-4933-BB8F-22359E0A03F5}.Release|iPhoneSimulator.ActiveCfg = Release|iPhoneSimulator
		{F21099F8-41A5-4933-BB8F-22359E0A03F5}.Release|iPhoneSimulator.Build.0 = Release|iPhoneSimulator
		{F21099F8-41A5-4933-BB8F-22359E0A03F5}.Release|x86.ActiveCfg = Release|iPhone
		{460BBE7C-8835-4A02-B0EB-0D7914BBAEE5}.Ad-Hoc|Any CPU.ActiveCfg = Release|Any CPU
		{460BBE7C-8835-4A02-B0EB-0D7914BBAEE5}.Ad-Hoc|Any CPU.Build.0 = Release|Any CPU
		{460BBE7C-8835-4A02-B0EB-0D7914BBAEE5}.Ad-Hoc|Any CPU.Deploy.0 = Release|Any CPU
		{460BBE7C-8835-4A02-B0EB-0D7914BBAEE5}.Ad-Hoc|ARM.ActiveCfg = Release|Any CPU
		{460BBE7C-8835-4A02-B0EB-0D7914BBAEE5}.Ad-Hoc|ARM.Build.0 = Release|Any CPU
		{460BBE7C-8835-4A02-B0EB-0D7914BBAEE5}.Ad-Hoc|ARM.Deploy.0 = Release|Any CPU
		{460BBE7C-8835-4A02-B0EB-0D7914BBAEE5}.Ad-Hoc|iPhone.ActiveCfg = Release|Any CPU
		{460BBE7C-8835-4A02-B0EB-0D7914BBAEE5}.Ad-Hoc|iPhone.Build.0 = Release|Any CPU
		{460BBE7C-8835-4A02-B0EB-0D7914BBAEE5}.Ad-Hoc|iPhone.Deploy.0 = Release|Any CPU
		{460BBE7C-8835-4A02-B0EB-0D7914BBAEE5}.Ad-Hoc|iPhoneSimulator.ActiveCfg = Release|Any CPU
		{460BBE7C-8835-4A02-B0EB-0D7914BBAEE5}.Ad-Hoc|iPhoneSimulator.Build.0 = Release|Any CPU
		{460BBE7C-8835-4A02-B0EB-0D7914BBAEE5}.Ad-Hoc|iPhoneSimulator.Deploy.0 = Release|Any CPU
		{460BBE7C-8835-4A02-B0EB-0D7914BBAEE5}.Ad-Hoc|x86.ActiveCfg = Release|Any CPU
		{460BBE7C-8835-4A02-B0EB-0D7914BBAEE5}.Ad-Hoc|x86.Build.0 = Release|Any CPU
		{460BBE7C-8835-4A02-B0EB-0D7914BBAEE5}.Ad-Hoc|x86.Deploy.0 = Release|Any CPU
		{460BBE7C-8835-4A02-B0EB-0D7914BBAEE5}.AppStore|Any CPU.ActiveCfg = Release|Any CPU
		{460BBE7C-8835-4A02-B0EB-0D7914BBAEE5}.AppStore|Any CPU.Build.0 = Release|Any CPU
		{460BBE7C-8835-4A02-B0EB-0D7914BBAEE5}.AppStore|Any CPU.Deploy.0 = Release|Any CPU
		{460BBE7C-8835-4A02-B0EB-0D7914BBAEE5}.AppStore|ARM.ActiveCfg = Release|Any CPU
		{460BBE7C-8835-4A02-B0EB-0D7914BBAEE5}.AppStore|ARM.Build.0 = Release|Any CPU
		{460BBE7C-8835-4A02-B0EB-0D7914BBAEE5}.AppStore|ARM.Deploy.0 = Release|Any CPU
		{460BBE7C-8835-4A02-B0EB-0D7914BBAEE5}.AppStore|iPhone.ActiveCfg = Release|Any CPU
		{460BBE7C-8835-4A02-B0EB-0D7914BBAEE5}.AppStore|iPhone.Build.0 = Release|Any CPU
		{460BBE7C-8835-4A02-B0EB-0D7914BBAEE5}.AppStore|iPhone.Deploy.0 = Release|Any CPU
		{460BBE7C-8835-4A02-B0EB-0D7914BBAEE5}.AppStore|iPhoneSimulator.ActiveCfg = Release|Any CPU
		{460BBE7C-8835-4A02-B0EB-0D7914BBAEE5}.AppStore|iPhoneSimulator.Build.0 = Release|Any CPU
		{460BBE7C-8835-4A02-B0EB-0D7914BBAEE5}.AppStore|iPhoneSimulator.Deploy.0 = Release|Any CPU
		{460BBE7C-8835-4A02-B0EB-0D7914BBAEE5}.AppStore|x86.ActiveCfg = Release|Any CPU
		{460BBE7C-8835-4A02-B0EB-0D7914BBAEE5}.AppStore|x86.Build.0 = Release|Any CPU
		{460BBE7C-8835-4A02-B0EB-0D7914BBAEE5}.AppStore|x86.Deploy.0 = Release|Any CPU
		{460BBE7C-8835-4A02-B0EB-0D7914BBAEE5}.Debug|Any CPU.ActiveCfg = Debug|Any CPU
		{460BBE7C-8835-4A02-B0EB-0D7914BBAEE5}.Debug|Any CPU.Build.0 = Debug|Any CPU
		{460BBE7C-8835-4A02-B0EB-0D7914BBAEE5}.Debug|Any CPU.Deploy.0 = Debug|Any CPU
		{460BBE7C-8835-4A02-B0EB-0D7914BBAEE5}.Debug|ARM.ActiveCfg = Debug|Any CPU
		{460BBE7C-8835-4A02-B0EB-0D7914BBAEE5}.Debug|ARM.Build.0 = Debug|Any CPU
		{460BBE7C-8835-4A02-B0EB-0D7914BBAEE5}.Debug|ARM.Deploy.0 = Debug|Any CPU
		{460BBE7C-8835-4A02-B0EB-0D7914BBAEE5}.Debug|iPhone.ActiveCfg = Debug|Any CPU
		{460BBE7C-8835-4A02-B0EB-0D7914BBAEE5}.Debug|iPhone.Build.0 = Debug|Any CPU
		{460BBE7C-8835-4A02-B0EB-0D7914BBAEE5}.Debug|iPhone.Deploy.0 = Debug|Any CPU
		{460BBE7C-8835-4A02-B0EB-0D7914BBAEE5}.Debug|iPhoneSimulator.ActiveCfg = Debug|Any CPU
		{460BBE7C-8835-4A02-B0EB-0D7914BBAEE5}.Debug|iPhoneSimulator.Build.0 = Debug|Any CPU
		{460BBE7C-8835-4A02-B0EB-0D7914BBAEE5}.Debug|iPhoneSimulator.Deploy.0 = Debug|Any CPU
		{460BBE7C-8835-4A02-B0EB-0D7914BBAEE5}.Debug|x86.ActiveCfg = Debug|Any CPU
		{460BBE7C-8835-4A02-B0EB-0D7914BBAEE5}.Debug|x86.Build.0 = Debug|Any CPU
		{460BBE7C-8835-4A02-B0EB-0D7914BBAEE5}.Debug|x86.Deploy.0 = Debug|Any CPU
		{460BBE7C-8835-4A02-B0EB-0D7914BBAEE5}.Release|Any CPU.ActiveCfg = Release|Any CPU
		{460BBE7C-8835-4A02-B0EB-0D7914BBAEE5}.Release|Any CPU.Build.0 = Release|Any CPU
		{460BBE7C-8835-4A02-B0EB-0D7914BBAEE5}.Release|Any CPU.Deploy.0 = Release|Any CPU
		{460BBE7C-8835-4A02-B0EB-0D7914BBAEE5}.Release|ARM.ActiveCfg = Release|Any CPU
		{460BBE7C-8835-4A02-B0EB-0D7914BBAEE5}.Release|ARM.Build.0 = Release|Any CPU
		{460BBE7C-8835-4A02-B0EB-0D7914BBAEE5}.Release|ARM.Deploy.0 = Release|Any CPU
		{460BBE7C-8835-4A02-B0EB-0D7914BBAEE5}.Release|iPhone.ActiveCfg = Release|Any CPU
		{460BBE7C-8835-4A02-B0EB-0D7914BBAEE5}.Release|iPhone.Build.0 = Release|Any CPU
		{460BBE7C-8835-4A02-B0EB-0D7914BBAEE5}.Release|iPhone.Deploy.0 = Release|Any CPU
		{460BBE7C-8835-4A02-B0EB-0D7914BBAEE5}.Release|iPhoneSimulator.ActiveCfg = Release|Any CPU
		{460BBE7C-8835-4A02-B0EB-0D7914BBAEE5}.Release|iPhoneSimulator.Build.0 = Release|Any CPU
		{460BBE7C-8835-4A02-B0EB-0D7914BBAEE5}.Release|iPhoneSimulator.Deploy.0 = Release|Any CPU
		{460BBE7C-8835-4A02-B0EB-0D7914BBAEE5}.Release|x86.ActiveCfg = Release|Any CPU
		{460BBE7C-8835-4A02-B0EB-0D7914BBAEE5}.Release|x86.Build.0 = Release|Any CPU
		{460BBE7C-8835-4A02-B0EB-0D7914BBAEE5}.Release|x86.Deploy.0 = Release|Any CPU
		{31F779BE-5EFD-429B-BC93-50CACBCA6565}.Ad-Hoc|Any CPU.ActiveCfg = Release|Any CPU
		{31F779BE-5EFD-429B-BC93-50CACBCA6565}.Ad-Hoc|Any CPU.Build.0 = Release|Any CPU
		{31F779BE-5EFD-429B-BC93-50CACBCA6565}.Ad-Hoc|Any CPU.Deploy.0 = Release|Any CPU
		{31F779BE-5EFD-429B-BC93-50CACBCA6565}.Ad-Hoc|ARM.ActiveCfg = Release|ARM
		{31F779BE-5EFD-429B-BC93-50CACBCA6565}.Ad-Hoc|ARM.Build.0 = Release|ARM
		{31F779BE-5EFD-429B-BC93-50CACBCA6565}.Ad-Hoc|ARM.Deploy.0 = Release|ARM
		{31F779BE-5EFD-429B-BC93-50CACBCA6565}.Ad-Hoc|iPhone.ActiveCfg = Release|Any CPU
		{31F779BE-5EFD-429B-BC93-50CACBCA6565}.Ad-Hoc|iPhone.Build.0 = Release|Any CPU
		{31F779BE-5EFD-429B-BC93-50CACBCA6565}.Ad-Hoc|iPhone.Deploy.0 = Release|Any CPU
		{31F779BE-5EFD-429B-BC93-50CACBCA6565}.Ad-Hoc|iPhoneSimulator.ActiveCfg = Release|Any CPU
		{31F779BE-5EFD-429B-BC93-50CACBCA6565}.Ad-Hoc|iPhoneSimulator.Build.0 = Release|Any CPU
		{31F779BE-5EFD-429B-BC93-50CACBCA6565}.Ad-Hoc|iPhoneSimulator.Deploy.0 = Release|Any CPU
		{31F779BE-5EFD-429B-BC93-50CACBCA6565}.Ad-Hoc|x86.ActiveCfg = Release|x86
		{31F779BE-5EFD-429B-BC93-50CACBCA6565}.Ad-Hoc|x86.Build.0 = Release|x86
		{31F779BE-5EFD-429B-BC93-50CACBCA6565}.Ad-Hoc|x86.Deploy.0 = Release|x86
		{31F779BE-5EFD-429B-BC93-50CACBCA6565}.AppStore|Any CPU.ActiveCfg = Release|Any CPU
		{31F779BE-5EFD-429B-BC93-50CACBCA6565}.AppStore|Any CPU.Build.0 = Release|Any CPU
		{31F779BE-5EFD-429B-BC93-50CACBCA6565}.AppStore|Any CPU.Deploy.0 = Release|Any CPU
		{31F779BE-5EFD-429B-BC93-50CACBCA6565}.AppStore|ARM.ActiveCfg = Release|ARM
		{31F779BE-5EFD-429B-BC93-50CACBCA6565}.AppStore|ARM.Build.0 = Release|ARM
		{31F779BE-5EFD-429B-BC93-50CACBCA6565}.AppStore|ARM.Deploy.0 = Release|ARM
		{31F779BE-5EFD-429B-BC93-50CACBCA6565}.AppStore|iPhone.ActiveCfg = Release|Any CPU
		{31F779BE-5EFD-429B-BC93-50CACBCA6565}.AppStore|iPhone.Build.0 = Release|Any CPU
		{31F779BE-5EFD-429B-BC93-50CACBCA6565}.AppStore|iPhone.Deploy.0 = Release|Any CPU
		{31F779BE-5EFD-429B-BC93-50CACBCA6565}.AppStore|iPhoneSimulator.ActiveCfg = Release|Any CPU
		{31F779BE-5EFD-429B-BC93-50CACBCA6565}.AppStore|iPhoneSimulator.Build.0 = Release|Any CPU
		{31F779BE-5EFD-429B-BC93-50CACBCA6565}.AppStore|iPhoneSimulator.Deploy.0 = Release|Any CPU
		{31F779BE-5EFD-429B-BC93-50CACBCA6565}.AppStore|x86.ActiveCfg = Release|x86
		{31F779BE-5EFD-429B-BC93-50CACBCA6565}.AppStore|x86.Build.0 = Release|x86
		{31F779BE-5EFD-429B-BC93-50CACBCA6565}.AppStore|x86.Deploy.0 = Release|x86
		{31F779BE-5EFD-429B-BC93-50CACBCA6565}.Debug|Any CPU.ActiveCfg = Debug|Any CPU
		{31F779BE-5EFD-429B-BC93-50CACBCA6565}.Debug|Any CPU.Build.0 = Debug|Any CPU
		{31F779BE-5EFD-429B-BC93-50CACBCA6565}.Debug|Any CPU.Deploy.0 = Debug|Any CPU
		{31F779BE-5EFD-429B-BC93-50CACBCA6565}.Debug|ARM.ActiveCfg = Debug|ARM
		{31F779BE-5EFD-429B-BC93-50CACBCA6565}.Debug|ARM.Build.0 = Debug|ARM
		{31F779BE-5EFD-429B-BC93-50CACBCA6565}.Debug|ARM.Deploy.0 = Debug|ARM
		{31F779BE-5EFD-429B-BC93-50CACBCA6565}.Debug|iPhone.ActiveCfg = Debug|Any CPU
		{31F779BE-5EFD-429B-BC93-50CACBCA6565}.Debug|iPhone.Build.0 = Debug|Any CPU
		{31F779BE-5EFD-429B-BC93-50CACBCA6565}.Debug|iPhone.Deploy.0 = Debug|Any CPU
		{31F779BE-5EFD-429B-BC93-50CACBCA6565}.Debug|iPhoneSimulator.ActiveCfg = Debug|Any CPU
		{31F779BE-5EFD-429B-BC93-50CACBCA6565}.Debug|iPhoneSimulator.Build.0 = Debug|Any CPU
		{31F779BE-5EFD-429B-BC93-50CACBCA6565}.Debug|iPhoneSimulator.Deploy.0 = Debug|Any CPU
		{31F779BE-5EFD-429B-BC93-50CACBCA6565}.Debug|x86.ActiveCfg = Debug|x86
		{31F779BE-5EFD-429B-BC93-50CACBCA6565}.Debug|x86.Build.0 = Debug|x86
		{31F779BE-5EFD-429B-BC93-50CACBCA6565}.Debug|x86.Deploy.0 = Debug|x86
		{31F779BE-5EFD-429B-BC93-50CACBCA6565}.Release|Any CPU.ActiveCfg = Release|Any CPU
		{31F779BE-5EFD-429B-BC93-50CACBCA6565}.Release|Any CPU.Build.0 = Release|Any CPU
		{31F779BE-5EFD-429B-BC93-50CACBCA6565}.Release|Any CPU.Deploy.0 = Release|Any CPU
		{31F779BE-5EFD-429B-BC93-50CACBCA6565}.Release|ARM.ActiveCfg = Release|ARM
		{31F779BE-5EFD-429B-BC93-50CACBCA6565}.Release|ARM.Build.0 = Release|ARM
		{31F779BE-5EFD-429B-BC93-50CACBCA6565}.Release|ARM.Deploy.0 = Release|ARM
		{31F779BE-5EFD-429B-BC93-50CACBCA6565}.Release|iPhone.ActiveCfg = Release|Any CPU
		{31F779BE-5EFD-429B-BC93-50CACBCA6565}.Release|iPhone.Build.0 = Release|Any CPU
		{31F779BE-5EFD-429B-BC93-50CACBCA6565}.Release|iPhone.Deploy.0 = Release|Any CPU
		{31F779BE-5EFD-429B-BC93-50CACBCA6565}.Release|iPhoneSimulator.ActiveCfg = Release|Any CPU
		{31F779BE-5EFD-429B-BC93-50CACBCA6565}.Release|iPhoneSimulator.Build.0 = Release|Any CPU
		{31F779BE-5EFD-429B-BC93-50CACBCA6565}.Release|iPhoneSimulator.Deploy.0 = Release|Any CPU
		{31F779BE-5EFD-429B-BC93-50CACBCA6565}.Release|x86.ActiveCfg = Release|x86
		{31F779BE-5EFD-429B-BC93-50CACBCA6565}.Release|x86.Build.0 = Release|x86
		{31F779BE-5EFD-429B-BC93-50CACBCA6565}.Release|x86.Deploy.0 = Release|x86
	EndGlobalSection
	GlobalSection(SolutionProperties) = preSolution
		HideSolutionNode = FALSE
	EndGlobalSection
EndGlobal
